{
  "name": "typedi-example",
  "version": "1.0.0",
  "lockfileVersion": 2,
  "requires": true,
  "packages": {
    "": {
      "name": "typedi-example",
      "version": "1.0.0",
      "license": "ISC",
      "dependencies": {
        "reflect-metadata": "^0.1.13",
        "typedi": "^0.10.0"
      }
    },
    "node_modules/reflect-metadata": {
      "version": "0.1.13",
      "resolved": "https://registry.npmjs.org/reflect-metadata/-/reflect-metadata-0.1.13.tgz",
      "integrity": "sha512-Ts1Y/anZELhSsjMcU605fU9RE4Oi3p5ORujwbIKXfWa+0Zxs510Qrmrce5/Jowq3cHSZSJqBjypxmHarc+vEWg=="
    },
    "node_modules/typedi": {
      "version": "0.10.0",
      "resolved": "https://registry.npmjs.org/typedi/-/typedi-0.10.0.tgz",
      "integrity": "sha512-v3UJF8xm68BBj6AF4oQML3ikrfK2c9EmZUyLOfShpJuItAqVBHWP/KtpGinkSsIiP6EZyyb6Z3NXyW9dgS9X1w=="
    }
  },
  "dependencies": {
    "reflect-metadata": {
      "version": "0.1.13",
      "resolved": "https://registry.npmjs.org/reflect-metadata/-/reflect-metadata-0.1.13.tgz",
      "integrity": "sha512-Ts1Y/anZELhSsjMcU605fU9RE4Oi3p5ORujwbIKXfWa+0Zxs510Qrmrce5/Jowq3cHSZSJqBjypxmHarc+vEWg=="
    },
    "typedi": {
      "version": "0.10.0",
      "resolved": "https://registry.npmjs.org/typedi/-/typedi-0.10.0.tgz",
      "integrity": "sha512-v3UJF8xm68BBj6AF4oQML3ikrfK2c9EmZUyLOfShpJuItAqVBHWP/KtpGinkSsIiP6EZyyb6Z3NXyW9dgS9X1w=="
    }
  }
}
